// !$*UTF8*$!
{
	archiveVersion = 1;
	classes = {
	};
	objectVersion = 46;
	objects = {

/* Begin PBXBuildFile section */
		791450F61DFC38A900D80AB7 /* ROConfigurationManager.framework in Frameworks */ = {isa = PBXBuildFile; fileRef = 791450EC1DFC38A900D80AB7 /* ROConfigurationManager.framework */; };
		791450FB1DFC38A900D80AB7 /* ROConfigurationManagerTests.m in Sources */ = {isa = PBXBuildFile; fileRef = 791450FA1DFC38A900D80AB7 /* ROConfigurationManagerTests.m */; };
		791450FD1DFC38A900D80AB7 /* ROConfigurationManager.h in Headers */ = {isa = PBXBuildFile; fileRef = 791450EF1DFC38A900D80AB7 /* ROConfigurationManager.h */; settings = {ATTRIBUTES = (Public, ); }; };
		791451081DFC38BF00D80AB7 /* ROConfigurationManger.h in Headers */ = {isa = PBXBuildFile; fileRef = 791451061DFC38BF00D80AB7 /* ROConfigurationManger.h */; };
		791451091DFC38BF00D80AB7 /* ROConfigurationManger.m in Sources */ = {isa = PBXBuildFile; fileRef = 791451071DFC38BF00D80AB7 /* ROConfigurationManger.m */; };
/* End PBXBuildFile section */

/* Begin PBXContainerItemProxy section */
		791450F71DFC38A900D80AB7 /* PBXContainerItemProxy */ = {
			isa = PBXContainerItemProxy;
			containerPortal = 791450E31DFC38A900D80AB7 /* Project object */;
			proxyType = 1;
			remoteGlobalIDString = 791450EB1DFC38A900D80AB7;
			remoteInfo = ROConfigurationManager;
		};
/* End PBXContainerItemProxy section */

/* Begin PBXFileReference section */
		791450EC1DFC38A900D80AB7 /* ROConfigurationManager.framework */ = {isa = PBXFileReference; explicitFileType = wrapper.framework; includeInIndex = 0; path = ROConfigurationManager.framework; sourceTree = BUILT_PRODUCTS_DIR; };
		791450EF1DFC38A900D80AB7 /* ROConfigurationManager.h */ = {isa = PBXFileReference; lastKnownFileType = sourcecode.c.h; path = ROConfigurationManager.h; sourceTree = "<group>"; };
		791450F01DFC38A900D80AB7 /* Info.plist */ = {isa = PBXFileReference; lastKnownFileType = text.plist.xml; path = Info.plist; sourceTree = "<group>"; };
		791450F51DFC38A900D80AB7 /* ROConfigurationManagerTests.xctest */ = {isa = PBXFileReference; explicitFileType = wrapper.cfbundle; includeInIndex = 0; path = ROConfigurationManagerTests.xctest; sourceTree = BUILT_PRODUCTS_DIR; };
		791450FA1DFC38A900D80AB7 /* ROConfigurationManagerTests.m */ = {isa = PBXFileReference; lastKnownFileType = sourcecode.c.objc; path = ROConfigurationManagerTests.m; sourceTree = "<group>"; };
		791450FC1DFC38A900D80AB7 /* Info.plist */ = {isa = PBXFileReference; lastKnownFileType = text.plist.xml; path = Info.plist; sourceTree = "<group>"; };
		791451061DFC38BF00D80AB7 /* ROConfigurationManger.h */ = {isa = PBXFileReference; fileEncoding = 4; lastKnownFileType = sourcecode.c.h; path = ROConfigurationManger.h; sourceTree = "<group>"; };
		791451071DFC38BF00D80AB7 /* ROConfigurationManger.m */ = {isa = PBXFileReference; fileEncoding = 4; lastKnownFileType = sourcecode.c.objc; path = ROConfigurationManger.m; sourceTree = "<group>"; };
/* End PBXFileReference section */

/* Begin PBXFrameworksBuildPhase section */
		791450E81DFC38A900D80AB7 /* Frameworks */ = {
			isa = PBXFrameworksBuildPhase;
			buildActionMask = 2147483647;
			files = (
			);
			runOnlyForDeploymentPostprocessing = 0;
		};
		791450F21DFC38A900D80AB7 /* Frameworks */ = {
			isa = PBXFrameworksBuildPhase;
			buildActionMask = 2147483647;
			files = (
				791450F61DFC38A900D80AB7 /* ROConfigurationManager.framework in Frameworks */,
			);
			runOnlyForDeploymentPostprocessing = 0;
		};
/* End PBXFrameworksBuildPhase section */

/* Begin PBXGroup section */
		791450E21DFC38A900D80AB7 = {
			isa = PBXGroup;
			children = (
				791450EE1DFC38A900D80AB7 /* ROConfigurationManager */,
				791450F91DFC38A900D80AB7 /* ROConfigurationManagerTests */,
				791450ED1DFC38A900D80AB7 /* Products */,
			);
			sourceTree = "<group>";
		};
		791450ED1DFC38A900D80AB7 /* Products */ = {
			isa = PBXGroup;
			children = (
				791450EC1DFC38A900D80AB7 /* ROConfigurationManager.framework */,
				791450F51DFC38A900D80AB7 /* ROConfigurationManagerTests.xctest */,
			);
			name = Products;
			sourceTree = "<group>";
		};
		791450EE1DFC38A900D80AB7 /* ROConfigurationManager */ = {
			isa = PBXGroup;
			children = (
				791450EF1DFC38A900D80AB7 /* ROConfigurationManager.h */,
				791450F01DFC38A900D80AB7 /* Info.plist */,
				791451061DFC38BF00D80AB7 /* ROConfigurationManger.h */,
				791451071DFC38BF00D80AB7 /* ROConfigurationManger.m */,
			);
			path = ROConfigurationManager;
			sourceTree = "<group>";
		};
		791450F91DFC38A900D80AB7 /* ROConfigurationManagerTests */ = {
			isa = PBXGroup;
			children = (
				791450FA1DFC38A900D80AB7 /* ROConfigurationManagerTests.m */,
				791450FC1DFC38A900D80AB7 /* Info.plist */,
			);
			path = ROConfigurationManagerTests;
			sourceTree = "<group>";
		};
/* End PBXGroup section */

/* Begin PBXHeadersBuildPhase section */
		791450E91DFC38A900D80AB7 /* Headers */ = {
			isa = PBXHeadersBuildPhase;
			buildActionMask = 2147483647;
			files = (
				791451081DFC38BF00D80AB7 /* ROConfigurationManger.h in Headers */,
				791450FD1DFC38A900D80AB7 /* ROConfigurationManager.h in Headers */,
			);
			runOnlyForDeploymentPostprocessing = 0;
		};
/* End PBXHeadersBuildPhase section */

/* Begin PBXNativeTarget section */
		791450EB1DFC38A900D80AB7 /* ROConfigurationManager */ = {
			isa = PBXNativeTarget;
			buildConfigurationList = 791451001DFC38A900D80AB7 /* Build configuration list for PBXNativeTarget "ROConfigurationManager" */;
			buildPhases = (
				791450E71DFC38A900D80AB7 /* Sources */,
				791450E81DFC38A900D80AB7 /* Frameworks */,
				791450E91DFC38A900D80AB7 /* Headers */,
				791450EA1DFC38A900D80AB7 /* Resources */,
			);
			buildRules = (
			);
			dependencies = (
			);
			name = ROConfigurationManager;
			productName = ROConfigurationManager;
			productReference = 791450EC1DFC38A900D80AB7 /* ROConfigurationManager.framework */;
			productType = "com.apple.product-type.framework";
		};
		791450F41DFC38A900D80AB7 /* ROConfigurationManagerTests */ = {
			isa = PBXNativeTarget;
			buildConfigurationList = 791451031DFC38A900D80AB7 /* Build configuration list for PBXNativeTarget "ROConfigurationManagerTests" */;
			buildPhases = (
				791450F11DFC38A900D80AB7 /* Sources */,
				791450F21DFC38A900D80AB7 /* Frameworks */,
				791450F31DFC38A900D80AB7 /* Resources */,
			);
			buildRules = (
			);
			dependencies = (
				791450F81DFC38A900D80AB7 /* PBXTargetDependency */,
			);
			name = ROConfigurationManagerTests;
			productName = ROConfigurationManagerTests;
			productReference = 791450F51DFC38A900D80AB7 /* ROConfigurationManagerTests.xctest */;
			productType = "com.apple.product-type.bundle.unit-test";
		};
/* End PBXNativeTarget section */

/* Begin PBXProject section */
		791450E31DFC38A900D80AB7 /* Project object */ = {
			isa = PBXProject;
			attributes = {
				LastUpgradeCheck = 0810;
				ORGANIZATIONNAME = Yaniv;
				TargetAttributes = {
					791450EB1DFC38A900D80AB7 = {
						CreatedOnToolsVersion = 8.1;
						DevelopmentTeam = 95GPBW627H;
						ProvisioningStyle = Automatic;
					};
					791450F41DFC38A900D80AB7 = {
						CreatedOnToolsVersion = 8.1;
						DevelopmentTeam = 95GPBW627H;
						ProvisioningStyle = Automatic;
					};
				};
			};
			buildConfigurationList = 791450E61DFC38A900D80AB7 /* Build configuration list for PBXProject "ROConfigurationManager" */;
			compatibilityVersion = "Xcode 3.2";
			developmentRegion = English;
			hasScannedForEncodings = 0;
			knownRegions = (
				en,
			);
			mainGroup = 791450E21DFC38A900D80AB7;
			productRefGroup = 791450ED1DFC38A900D80AB7 /* Products */;
			projectDirPath = "";
			projectRoot = "";
			targets = (
				791450EB1DFC38A900D80AB7 /* ROConfigurationManager */,
				791450F41DFC38A900D80AB7 /* ROConfigurationManagerTests */,
			);
		};
/* End PBXProject section */

/* Begin PBXResourcesBuildPhase section */
		791450EA1DFC38A900D80AB7 /* Resources */ = {
			isa = PBXResourcesBuildPhase;
			buildActionMask = 2147483647;
			files = (
			);
			runOnlyForDeploymentPostprocessing = 0;
		};
		791450F31DFC38A900D80AB7 /* Resources */ = {
			isa = PBXResourcesBuildPhase;
			buildActionMask = 2147483647;
			files = (
			);
			runOnlyForDeploymentPostprocessing = 0;
		};
/* End PBXResourcesBuildPhase section */

/* Begin PBXSourcesBuildPhase section */
		791450E71DFC38A900D80AB7 /* Sources */ = {
			isa = PBXSourcesBuildPhase;
			buildActionMask = 2147483647;
			files = (
				791451091DFC38BF00D80AB7 /* ROConfigurationManger.m in Sources */,
			);
			runOnlyForDeploymentPostprocessing = 0;
		};
		791450F11DFC38A900D80AB7 /* Sources */ = {
			isa = PBXSourcesBuildPhase;
			buildActionMask = 2147483647;
			files = (
				791450FB1DFC38A900D80AB7 /* ROConfigurationManagerTests.m in Sources */,
			);
			runOnlyForDeploymentPostprocessing = 0;
		};
/* End PBXSourcesBuildPhase section */

/* Begin PBXTargetDependency section */
		791450F81DFC38A900D80AB7 /* PBXTargetDependency */ = {
			isa = PBXTargetDependency;
			target = 791450EB1DFC38A900D80AB7 /* ROConfigurationManager */;
			targetProxy = 791450F71DFC38A900D80AB7 /* PBXContainerItemProxy */;
		};
/* End PBXTargetDependency section */

/* Begin XCBuildConfiguration section */
		791450FE1DFC38A900D80AB7 /* Debug */ = {
			isa = XCBuildConfiguration;
			buildSettings = {
				ALWAYS_SEARCH_USER_PATHS = NO;
				CLANG_ANALYZER_NONNULL = YES;
				CLANG_CXX_LANGUAGE_STANDARD = "gnu++0x";
				CLANG_CXX_LIBRARY = "libc++";
				CLANG_ENABLE_MODULES = YES;
				CLANG_ENABLE_OBJC_ARC = YES;
				CLANG_WARN_BOOL_CONVERSION = YES;
				CLANG_WARN_CONSTANT_CONVERSION = YES;
				CLANG_WARN_DIRECT_OBJC_ISA_USAGE = YES_ERROR;
				CLANG_WARN_DOCUMENTATION_COMMENTS = YES;
				CLANG_WARN_EMPTY_BODY = YES;
				CLANG_WARN_ENUM_CONVERSION = YES;
				CLANG_WARN_INFINITE_RECURSION = YES;
				CLANG_WARN_INT_CONVERSION = YES;
				CLANG_WARN_OBJC_ROOT_CLASS = YES_ERROR;
				CLANG_WARN_SUSPICIOUS_MOVES = YES;
				CLANG_WARN_UNREACHABLE_CODE = YES;
				CLANG_WARN__DUPLICATE_METHOD_MATCH = YES;
				"CODE_SIGN_IDENTITY[sdk=iphoneos*]" = "iPhone Developer";
				COPY_PHASE_STRIP = NO;
				CURRENT_PROJECT_VERSION = 1;
				DEBUG_INFORMATION_FORMAT = dwarf;
				ENABLE_STRICT_OBJC_MSGSEND = YES;
				ENABLE_TESTABILITY = YES;
				GCC_C_LANGUAGE_STANDARD = gnu99;
				GCC_DYNAMIC_NO_PIC = NO;
				GCC_NO_COMMON_BLOCKS = YES;
				GCC_OPTIMIZATION_LEVEL = 0;
				GCC_PREPROCESSOR_DEFINITIONS = (
					"DEBUG=1",
					"$(inherited)",
				);
				GCC_WARN_64_TO_32_BIT_CONVERSION = YES;
				GCC_WARN_ABOUT_RETURN_TYPE = YES_ERROR;
				GCC_WARN_UNDECLARED_SELECTOR = YES;
				GCC_WARN_UNINITIALIZED_AUTOS = YES_AGGRESSIVE;
				GCC_WARN_UNUSED_FUNCTION = YES;
				GCC_WARN_UNUSED_VARIABLE = YES;
				IPHONEOS_DEPLOYMENT_TARGET = 10.1;
				MTL_ENABLE_DEBUG_INFO = YES;
				ONLY_ACTIVE_ARCH = YES;
				SDKROOT = iphoneos;
				TARGETED_DEVICE_FAMILY = "1,2";
				VERSIONING_SYSTEM = "apple-generic";
				VERSION_INFO_PREFIX = "";
			};
			name = Debug;
		};
		791450FF1DFC38A900D80AB7 /* Release */ = {
			isa = XCBuildConfiguration;
			buildSettings = {
				ALWAYS_SEARCH_USER_PATHS = NO;
				CLANG_ANALYZER_NONNULL = YES;
				CLANG_CXX_LANGUAGE_STANDARD = "gnu++0x";
				CLANG_CXX_LIBRARY = "libc++";
				CLANG_ENABLE_MODULES = YES;
				CLANG_ENABLE_OBJC_ARC = YES;
				CLANG_WARN_BOOL_CONVERSION = YES;
				CLANG_WARN_CONSTANT_CONVERSION = YES;
				CLANG_WARN_DIRECT_OBJC_ISA_USAGE = YES_ERROR;
				CLANG_WARN_DOCUMENTATION_COMMENTS = YES;
				CLANG_WARN_EMPTY_BODY = YES;
				CLANG_WARN_ENUM_CONVERSION = YES;
				CLANG_WARN_INFINITE_RECURSION = YES;
				CLANG_WARN_INT_CONVERSION = YES;
				CLANG_WARN_OBJC_ROOT_CLASS = YES_ERROR;
				CLANG_WARN_SUSPICIOUS_MOVES = YES;
				CLANG_WARN_UNREACHABLE_CODE = YES;
				CLANG_WARN__DUPLICATE_METHOD_MATCH = YES;
				"CODE_SIGN_IDENTITY[sdk=iphoneos*]" = "iPhone Developer";
				COPY_PHASE_STRIP = NO;
				CURRENT_PROJECT_VERSION = 1;
				DEBUG_INFORMATION_FORMAT = "dwarf-with-dsym";
				ENABLE_NS_ASSERTIONS = NO;
				ENABLE_STRICT_OBJC_MSGSEND = YES;
				GCC_C_LANGUAGE_STANDARD = gnu99;
				GCC_NO_COMMON_BLOCKS = YES;
				GCC_WARN_64_TO_32_BIT_CONVERSION = YES;
				GCC_WARN_ABOUT_RETURN_TYPE = YES_ERROR;
				GCC_WARN_UNDECLARED_SELECTOR = YES;
				GCC_WARN_UNINITIALIZED_AUTOS = YES_AGGRESSIVE;
				GCC_WARN_UNUSED_FUNCTION = YES;
				GCC_WARN_UNUSED_VARIABLE = YES;
				IPHONEOS_DEPLOYMENT_TARGET = 10.1;
				MTL_ENABLE_DEBUG_INFO = NO;
				SDKROOT = iphoneos;
				TARGETED_DEVICE_FAMILY = "1,2";
				VALIDATE_PRODUCT = YES;
				VERSIONING_SYSTEM = "apple-generic";
				VERSION_INFO_PREFIX = "";
			};
			name = Release;
		};
		791451011DFC38A900D80AB7 /* Debug */ = {
			isa = XCBuildConfiguration;
			buildSettings = {
				CODE_SIGN_IDENTITY = "";
				DEFINES_MODULE = YES;
				DEVELOPMENT_TEAM = 95GPBW627H;
				DYLIB_COMPATIBILITY_VERSION = 1;
				DYLIB_CURRENT_VERSION = 1;
				DYLIB_INSTALL_NAME_BASE = "@rpath";
				INFOPLIST_FILE = ROConfigurationManager/Info.plist;
				INSTALL_PATH = "$(LOCAL_LIBRARY_DIR)/Frameworks";
				LD_RUNPATH_SEARCH_PATHS = "$(inherited) @executable_path/Frameworks @loader_path/Frameworks";
				PRODUCT_BUNDLE_IDENTIFIER = ROAssigment.ROConfigurationManager;
				PRODUCT_NAME = "$(TARGET_NAME)";
				SKIP_INSTALL = YES;
			};
			name = Debug;
		};
		791451021DFC38A900D80AB7 /* Release */ = {
			isa = XCBuildConfiguration;
			buildSettings = {
				CODE_SIGN_IDENTITY = "";
				DEFINES_MODULE = YES;
				DEVELOPMENT_TEAM = 95GPBW627H;
				DYLIB_COMPATIBILITY_VERSION = 1;
				DYLIB_CURRENT_VERSION = 1;
				DYLIB_INSTALL_NAME_BASE = "@rpath";
				INFOPLIST_FILE = ROConfigurationManager/Info.plist;
				INSTALL_PATH = "$(LOCAL_LIBRARY_DIR)/Frameworks";
				LD_RUNPATH_SEARCH_PATHS = "$(inherited) @executable_path/Frameworks @loader_path/Frameworks";
				PRODUCT_BUNDLE_IDENTIFIER = ROAssigment.ROConfigurationManager;
				PRODUCT_NAME = "$(TARGET_NAME)";
				SKIP_INSTALL = YES;
			};
			name = Release;
		};
		791451041DFC38A900D80AB7 /* Debug */ = {
			isa = XCBuildConfiguration;
			buildSettings = {
				DEVELOPMENT_TEAM = 95GPBW627H;
				INFOPLIST_FILE = ROConfigurationManagerTests/Info.plist;
				LD_RUNPATH_SEARCH_PATHS = "$(inherited) @executable_path/Frameworks @loader_path/Frameworks";
				PRODUCT_BUNDLE_IDENTIFIER = ROAssigment.ROConfigurationManagerTests;
				PRODUCT_NAME = "$(TARGET_NAME)";
			};
			name = Debug;
		};
		791451051DFC38A900D80AB7 /* Release */ = {
			isa = XCBuildConfiguration;
			buildSettings = {
				DEVELOPMENT_TEAM = 95GPBW627H;
				INFOPLIST_FILE = ROConfigurationManagerTests/Info.plist;
				LD_RUNPATH_SEARCH_PATHS = "$(inherited) @executable_path/Frameworks @loader_path/Frameworks";
				PRODUCT_BUNDLE_IDENTIFIER = ROAssigment.ROConfigurationManagerTests;
				PRODUCT_NAME = "$(TARGET_NAME)";
			};
			name = Release;
		};
/* End XCBuildConfiguration section */

/* Begin XCConfigurationList section */
		791450E61DFC38A900D80AB7 /* Build configuration list for PBXProject "ROConfigurationManager" */ = {
			isa = XCConfigurationList;
			buildConfigurations = (
				791450FE1DFC38A900D80AB7 /* Debug */,
				791450FF1DFC38A900D80AB7 /* Release */,
			);
			defaultConfigurationIsVisible = 0;
			defaultConfigurationName = Release;
		};
		791451001DFC38A900D80AB7 /* Build configuration list for PBXNativeTarget "ROConfigurationManager" */ = {
			isa = XCConfigurationList;
			buildConfigurations = (
				791451011DFC38A900D80AB7 /* Debug */,
				791451021DFC38A900D80AB7 /* Release */,
			);
			defaultConfigurationIsVisible = 0;
		};
		791451031DFC38A900D80AB7 /* Build configuration list for PBXNativeTarget "ROConfigurationManagerTests" */ = {
			isa = XCConfigurationList;
			buildConfigurations = (
				791451041DFC38A900D80AB7 /* Debug */,
				791451051DFC38A900D80AB7 /* Release */,
			);
			defaultConfigurationIsVisible = 0;
		};
/* End XCConfigurationList section */
	};
	rootObject = 791450E31DFC38A900D80AB7 /* Project object */;
}
